
Microsoft Visual Studio Solution File, Format Version 12.00
# Visual Studio 15
VisualStudioVersion = 15.0.28307.1169
MinimumVisualStudioVersion = 10.0.40219.1
Project("{8BC9CEB8-8B4A-11D0-8D11-00A0C91BC942}") = "HelloWorld", "HelloWorld\HelloWorld.vcxproj", "{1B801EDF-8FD8-43FC-9539-7659AF0605C7}"
EndProject
Project("{8BC9CEB8-8B4A-11D0-8D11-00A0C91BC942}") = "GeneralSettings", "GeneralSettings\GeneralSettings.vcxproj", "{C525F421-781A-4144-A201-57E709641EA4}"
EndProject
Project("{8BC9CEB8-8B4A-11D0-8D11-00A0C91BC942}") = "BatchDecode", "Performance\BatchDecode\BatchDecode.vcxproj", "{52E47374-474B-423C-B891-9918E94D3F28}"
EndProject
Project("{8BC9CEB8-8B4A-11D0-8D11-00A0C91BC942}") = "VideoDecoding", "VideoDecoding\VideoDecoding.vcxproj", "{6BAC218D-AD85-4749-9694-0B8A8547596B}"
EndProject
Project("{8BC9CEB8-8B4A-11D0-8D11-00A0C91BC942}") = "SpeedFirstSettings", "Performance\SpeedFirstSettings\SpeedFirstSettings.vcxproj", "{C2918D73-1389-4DAA-9F51-54B182B7F12B}"
EndProject
Project("{8BC9CEB8-8B4A-11D0-8D11-00A0C91BC942}") = "AccuracyFirstSettings", "Performance\AccuracyFirstSettings\AccuracyFirstSettings.vcxproj", "{45B40B29-EEDD-4A39-B3C0-7AC34BBD665F}"
EndProject
Project("{8BC9CEB8-8B4A-11D0-8D11-00A0C91BC942}") = "ReadRateFirstSettings", "Performance\ReadRateFirstSettings\ReadRateFirstSettings.vcxproj", "{AEFC9596-D16D-4790-9C56-E9F58D7B66EA}"
EndProject
Global
	GlobalSection(SolutionConfigurationPlatforms) = preSolution
		Debug|Any CPU = Debug|Any CPU
		Debug|x64 = Debug|x64
		Debug|x86 = Debug|x86
		Release|Any CPU = Release|Any CPU
		Release|x64 = Release|x64
		Release|x86 = Release|x86
	EndGlobalSection
	GlobalSection(ProjectConfigurationPlatforms) = postSolution
		{1B801EDF-8FD8-43FC-9539-7659AF0605C7}.Debug|Any CPU.ActiveCfg = Debug|Win32
		{1B801EDF-8FD8-43FC-9539-7659AF0605C7}.Debug|x64.ActiveCfg = Debug|x64
		{1B801EDF-8FD8-43FC-9539-7659AF0605C7}.Debug|x64.Build.0 = Debug|x64
		{1B801EDF-8FD8-43FC-9539-7659AF0605C7}.Debug|x86.ActiveCfg = Debug|Win32
		{1B801EDF-8FD8-43FC-9539-7659AF0605C7}.Debug|x86.Build.0 = Debug|Win32
		{1B801EDF-8FD8-43FC-9539-7659AF0605C7}.Release|Any CPU.ActiveCfg = Release|Win32
		{1B801EDF-8FD8-43FC-9539-7659AF0605C7}.Release|x64.ActiveCfg = Release|x64
		{1B801EDF-8FD8-43FC-9539-7659AF0605C7}.Release|x64.Build.0 = Release|x64
		{1B801EDF-8FD8-43FC-9539-7659AF0605C7}.Release|x86.ActiveCfg = Release|Win32
		{1B801EDF-8FD8-43FC-9539-7659AF0605C7}.Release|x86.Build.0 = Release|Win32
		{C525F421-781A-4144-A201-57E709641EA4}.Debug|Any CPU.ActiveCfg = Debug|Win32
		{C525F421-781A-4144-A201-57E709641EA4}.Debug|x64.ActiveCfg = Debug|x64
		{C525F421-781A-4144-A201-57E709641EA4}.Debug|x64.Build.0 = Debug|x64
		{C525F421-781A-4144-A201-57E709641EA4}.Debug|x86.ActiveCfg = Debug|Win32
		{C525F421-781A-4144-A201-57E709641EA4}.Debug|x86.Build.0 = Debug|Win32
		{C525F421-781A-4144-A201-57E709641EA4}.Release|Any CPU.ActiveCfg = Release|Win32
		{C525F421-781A-4144-A201-57E709641EA4}.Release|x64.ActiveCfg = Release|x64
		{C525F421-781A-4144-A201-57E709641EA4}.Release|x64.Build.0 = Release|x64
		{C525F421-781A-4144-A201-57E709641EA4}.Release|x86.ActiveCfg = Release|Win32
		{C525F421-781A-4144-A201-57E709641EA4}.Release|x86.Build.0 = Release|Win32
		{52E47374-474B-423C-B891-9918E94D3F28}.Debug|Any CPU.ActiveCfg = Debug|Win32
		{52E47374-474B-423C-B891-9918E94D3F28}.Debug|x64.ActiveCfg = Debug|x64
		{52E47374-474B-423C-B891-9918E94D3F28}.Debug|x64.Build.0 = Debug|x64
		{52E47374-474B-423C-B891-9918E94D3F28}.Debug|x86.ActiveCfg = Debug|Win32
		{52E47374-474B-423C-B891-9918E94D3F28}.Debug|x86.Build.0 = Debug|Win32
		{52E47374-474B-423C-B891-9918E94D3F28}.Release|Any CPU.ActiveCfg = Release|Win32
		{52E47374-474B-423C-B891-9918E94D3F28}.Release|x64.ActiveCfg = Release|x64
		{52E47374-474B-423C-B891-9918E94D3F28}.Release|x64.Build.0 = Release|x64
		{52E47374-474B-423C-B891-9918E94D3F28}.Release|x86.ActiveCfg = Release|Win32
		{52E47374-474B-423C-B891-9918E94D3F28}.Release|x86.Build.0 = Release|Win32
		{6BAC218D-AD85-4749-9694-0B8A8547596B}.Debug|Any CPU.ActiveCfg = Release|Win32
		{6BAC218D-AD85-4749-9694-0B8A8547596B}.Debug|Any CPU.Build.0 = Release|Win32
		{6BAC218D-AD85-4749-9694-0B8A8547596B}.Debug|x64.ActiveCfg = Release|Win32
		{6BAC218D-AD85-4749-9694-0B8A8547596B}.Debug|x64.Build.0 = Release|Win32
		{6BAC218D-AD85-4749-9694-0B8A8547596B}.Debug|x86.ActiveCfg = Release|Win32
		{6BAC218D-AD85-4749-9694-0B8A8547596B}.Debug|x86.Build.0 = Release|Win32
		{6BAC218D-AD85-4749-9694-0B8A8547596B}.Release|Any CPU.ActiveCfg = Release|Win32
		{6BAC218D-AD85-4749-9694-0B8A8547596B}.Release|x64.ActiveCfg = Release|Win32
		{6BAC218D-AD85-4749-9694-0B8A8547596B}.Release|x86.ActiveCfg = Release|Win32
		{6BAC218D-AD85-4749-9694-0B8A8547596B}.Release|x86.Build.0 = Release|Win32
		{C2918D73-1389-4DAA-9F51-54B182B7F12B}.Debug|Any CPU.ActiveCfg = Debug|Win32
		{C2918D73-1389-4DAA-9F51-54B182B7F12B}.Debug|x64.ActiveCfg = Debug|x64
		{C2918D73-1389-4DAA-9F51-54B182B7F12B}.Debug|x64.Build.0 = Debug|x64
		{C2918D73-1389-4DAA-9F51-54B182B7F12B}.Debug|x86.ActiveCfg = Debug|Win32
		{C2918D73-1389-4DAA-9F51-54B182B7F12B}.Debug|x86.Build.0 = Debug|Win32
		{C2918D73-1389-4DAA-9F51-54B182B7F12B}.Release|Any CPU.ActiveCfg = Release|Win32
		{C2918D73-1389-4DAA-9F51-54B182B7F12B}.Release|x64.ActiveCfg = Release|x64
		{C2918D73-1389-4DAA-9F51-54B182B7F12B}.Release|x64.Build.0 = Release|x64
		{C2918D73-1389-4DAA-9F51-54B182B7F12B}.Release|x86.ActiveCfg = Release|Win32
		{C2918D73-1389-4DAA-9F51-54B182B7F12B}.Release|x86.Build.0 = Release|Win32
		{45B40B29-EEDD-4A39-B3C0-7AC34BBD665F}.Debug|Any CPU.ActiveCfg = Debug|Win32
		{45B40B29-EEDD-4A39-B3C0-7AC34BBD665F}.Debug|x64.ActiveCfg = Debug|x64
		{45B40B29-EEDD-4A39-B3C0-7AC34BBD665F}.Debug|x64.Build.0 = Debug|x64
		{45B40B29-EEDD-4A39-B3C0-7AC34BBD665F}.Debug|x86.ActiveCfg = Debug|Win32
		{45B40B29-EEDD-4A39-B3C0-7AC34BBD665F}.Debug|x86.Build.0 = Debug|Win32
		{45B40B29-EEDD-4A39-B3C0-7AC34BBD665F}.Release|Any CPU.ActiveCfg = Release|Win32
		{45B40B29-EEDD-4A39-B3C0-7AC34BBD665F}.Release|x64.ActiveCfg = Release|x64
		{45B40B29-EEDD-4A39-B3C0-7AC34BBD665F}.Release|x64.Build.0 = Release|x64
		{45B40B29-EEDD-4A39-B3C0-7AC34BBD665F}.Release|x86.ActiveCfg = Release|Win32
		{45B40B29-EEDD-4A39-B3C0-7AC34BBD665F}.Release|x86.Build.0 = Release|Win32
		{AEFC9596-D16D-4790-9C56-E9F58D7B66EA}.Debug|Any CPU.ActiveCfg = Debug|Win32
		{AEFC9596-D16D-4790-9C56-E9F58D7B66EA}.Debug|x64.ActiveCfg = Debug|x64
		{AEFC9596-D16D-4790-9C56-E9F58D7B66EA}.Debug|x64.Build.0 = Debug|x64
		{AEFC9596-D16D-4790-9C56-E9F58D7B66EA}.Debug|x86.ActiveCfg = Debug|Win32
		{AEFC9596-D16D-4790-9C56-E9F58D7B66EA}.Debug|x86.Build.0 = Debug|Win32
		{AEFC9596-D16D-4790-9C56-E9F58D7B66EA}.Release|Any CPU.ActiveCfg = Release|Win32
		{AEFC9596-D16D-4790-9C56-E9F58D7B66EA}.Release|x64.ActiveCfg = Release|x64
		{AEFC9596-D16D-4790-9C56-E9F58D7B66EA}.Release|x64.Build.0 = Release|x64
		{AEFC9596-D16D-4790-9C56-E9F58D7B66EA}.Release|x86.ActiveCfg = Release|Win32
		{AEFC9596-D16D-4790-9C56-E9F58D7B66EA}.Release|x86.Build.0 = Release|Win32
	EndGlobalSection
	GlobalSection(SolutionProperties) = preSolution
		HideSolutionNode = FALSE
	EndGlobalSection
	GlobalSection(ExtensibilityGlobals) = postSolution
		SolutionGuid = {00C0F81B-6F59-408D-9DDB-A0F7A3E02F4F}
	EndGlobalSection
EndGlobal
